{
  "name": "投票小程序",
  "version": "1.4.2",
  "lockfileVersion": 1,
  "requires": true,
  "dependencies": {
    "jweixin-module": {
      "version": "1.6.0",
      "resolved": "https://registry.npmmirror.com/jweixin-module/-/jweixin-module-1.6.0.tgz",
      "integrity": "sha512-dGk9cf+ipipHmtzYmKZs5B2toX+p4hLyllGLF6xuC8t+B05oYxd8fYoaRz0T30U2n3RUv8a4iwvjhA+OcYz52w=="
    },
    "uview-ui": {
      "version": "1.8.4",
      "resolved": "https://registry.npm.taobao.org/uview-ui/download/uview-ui-1.8.4.tgz",
      "integrity": "sha1-4yu/I3lCHTGQIuMk4ct7U4fTvUQ="
    },
    "weixin-js-sdk": {
      "version": "1.6.0",
      "resolved": "https://registry.npmmirror.com/weixin-js-sdk/-/weixin-js-sdk-1.6.0.tgz",
      "integrity": "sha512-3IYQH7aalJGFJrwdT3epvTdR1MboMiH7vIZ5BRL2eYOJ12BNah7csoMkmSZzkq1+l92sSq29XdTCVjCJoK2sBQ=="
    }
  }
}
